dependencies:
- name: postgresql
  repository: https://charts.bitnami.com/bitnami
  version: 11.9.13
- name: redis
  repository: https://charts.bitnami.com/bitnami
  version: 18.19.3
digest: sha256:ca14a0f11b404f6ba5d54b4091cafc4f34633109f1029e4d84225fc8f753b124
generated: "2024-03-18T14:19:28.745048501Z"
