dependencies:
- name: postgresql
  repository: https://charts.bitnami.com/bitnami
  version: 11.9.13
- name: redis
  repository: https://charts.bitnami.com/bitnami
  version: 19.0.1
digest: sha256:a2d5d740f7828ee687faa0441df6f5fec85f44ca9e701059705bc2e06b4518b2
generated: "2024-03-20T16:10:47.626318211Z"
