dependencies:
- name: postgresql
  repository: https://charts.bitnami.com/bitnami
  version: 11.1.11
- name: redis
  repository: https://charts.bitnami.com/bitnami
  version: 16.6.0
digest: sha256:b74e0e3c8c881b8925f3514bcc6e577f56cbca74562049453345fbd6672da980
generated: "2022-03-27T20:44:02.36586824Z"
