dependencies:
- name: postgresql
  repository: https://charts.bitnami.com/bitnami
  version: 11.1.26
- name: redis
  repository: https://charts.bitnami.com/bitnami
  version: 16.6.0
digest: sha256:6f43dc7fc94da509e8330da17c14049e6c830bbdf76219ec1c11c210c28d5e6c
generated: "2022-05-02T23:48:28.009960008Z"
