dependencies:
- name: postgresql
  repository: https://charts.bitnami.com/bitnami
  version: 10.9.6
- name: redis
  repository: https://charts.bitnami.com/bitnami
  version: 16.6.0
digest: sha256:964e45d739f76c3a980f55f03f22c68280597ddc8fe2b007cc73ecd5843251b9
generated: "2022-03-27T21:14:12.62521712Z"
