dependencies:
- name: postgresql
  repository: https://charts.bitnami.com/bitnami
  version: 11.1.11
- name: redis
  repository: https://charts.bitnami.com/bitnami
  version: 16.8.9
digest: sha256:d0687b7c0c04579a9b9ca92b42b856ef3346e983324885b4e94843052d7d074f
generated: "2022-04-28T02:05:59.884687099Z"
