dependencies:
- name: postgresql
  repository: https://charts.bitnami.com/bitnami
  version: 15.1.4
- name: redis
  repository: https://charts.bitnami.com/bitnami
  version: 16.13.2
digest: sha256:d326ca231a1a67bbde8fbc142293fd82d866c2ce98c728003168f9be5c0411db
generated: "2024-03-25T08:13:27.883860993Z"
