dependencies:
- name: postgresql
  repository: https://charts.bitnami.com/bitnami
  version: 12.12.10
- name: redis
  repository: https://charts.bitnami.com/bitnami
  version: 16.13.2
digest: sha256:ef1f9d27f6ce96f48212cece7c1fbcd2dc41dae5c1f42cd2263d02008e33479f
generated: "2023-09-27T12:37:28.117447734Z"
